
Microsoft Visual Studio Solution File, Format Version 12.00
# Visual Studio Version 16
VisualStudioVersion = 16.0.31727.386
MinimumVisualStudioVersion = 10.0.40219.1
Project("{FAE04EC0-301F-11D3-BF4B-00C04F79EFBC}") = "18_10_2021", "18_10_2021\18_10_2021.csproj", "{8EC4A2BF-F570-4CC4-BABC-18DD04BDD23A}"
EndProject
Global
	GlobalSection(SolutionConfigurationPlatforms) = preSolution
		Debug|Any CPU = Debug|Any CPU
		Release|Any CPU = Release|Any CPU
	EndGlobalSection
	GlobalSection(ProjectConfigurationPlatforms) = postSolution
		{8EC4A2BF-F570-4CC4-BABC-18DD04BDD23A}.Debug|Any CPU.ActiveCfg = Debug|Any CPU
		{8EC4A2BF-F570-4CC4-BABC-18DD04BDD23A}.Debug|Any CPU.Build.0 = Debug|Any CPU
		{8EC4A2BF-F570-4CC4-BABC-18DD04BDD23A}.Release|Any CPU.ActiveCfg = Release|Any CPU
		{8EC4A2BF-F570-4CC4-BABC-18DD04BDD23A}.Release|Any CPU.Build.0 = Release|Any CPU
	EndGlobalSection
	GlobalSection(SolutionProperties) = preSolution
		HideSolutionNode = FALSE
	EndGlobalSection
	GlobalSection(ExtensibilityGlobals) = postSolution
		SolutionGuid = {2103E7F2-778A-47BD-BFBA-683A7D5E786C}
	EndGlobalSection
EndGlobal
